// !$*UTF8*$!
{
	archiveVersion = 1;
	classes = {
	};
	objectVersion = 46;
	objects = {

/* Begin PBXBuildFile section */
		E41E7C281C600F2D00B2D7E6 /* AppDelegate.swift in Sources */ = {isa = PBXBuildFile; fileRef = E41E7C271C600F2D00B2D7E6 /* AppDelegate.swift */; };
		E41E7C2A1C600F2D00B2D7E6 /* ViewController.swift in Sources */ = {isa = PBXBuildFile; fileRef = E41E7C291C600F2D00B2D7E6 /* ViewController.swift */; };
		E41E7C2D1C600F2D00B2D7E6 /* Main.storyboard in Resources */ = {isa = PBXBuildFile; fileRef = E41E7C2B1C600F2D00B2D7E6 /* Main.storyboard */; };
		E41E7C2F1C600F2D00B2D7E6 /* Assets.xcassets in Resources */ = {isa = PBXBuildFile; fileRef = E41E7C2E1C600F2D00B2D7E6 /* Assets.xcassets */; };
		E41E7C321C600F2D00B2D7E6 /* LaunchScreen.storyboard in Resources */ = {isa = PBXBuildFile; fileRef = E41E7C301C600F2D00B2D7E6 /* LaunchScreen.storyboard */; };
		E41E7C3A1C6012AF00B2D7E6 /* CoreLocation.framework in Frameworks */ = {isa = PBXBuildFile; fileRef = E41E7C391C6012AF00B2D7E6 /* CoreLocation.framework */; };
		E41E7C3C1C60147800B2D7E6 /* TableViewController.swift in Sources */ = {isa = PBXBuildFile; fileRef = E41E7C3B1C60147800B2D7E6 /* TableViewController.swift */; };
/* End PBXBuildFile section */

/* Begin PBXFileReference section */
		E41E7C241C600F2D00B2D7E6 /* Lugares Favoritos.app */ = {isa = PBXFileReference; explicitFileType = wrapper.application; includeInIndex = 0; path = "Lugares Favoritos.app"; sourceTree = BUILT_PRODUCTS_DIR; };
		E41E7C271C600F2D00B2D7E6 /* AppDelegate.swift */ = {isa = PBXFileReference; lastKnownFileType = sourcecode.swift; path = AppDelegate.swift; sourceTree = "<group>"; };
		E41E7C291C600F2D00B2D7E6 /* ViewController.swift */ = {isa = PBXFileReference; lastKnownFileType = sourcecode.swift; path = ViewController.swift; sourceTree = "<group>"; };
		E41E7C2C1C600F2D00B2D7E6 /* Base */ = {isa = PBXFileReference; lastKnownFileType = file.storyboard; name = Base; path = Base.lproj/Main.storyboard; sourceTree = "<group>"; };
		E41E7C2E1C600F2D00B2D7E6 /* Assets.xcassets */ = {isa = PBXFileReference; lastKnownFileType = folder.assetcatalog; path = Assets.xcassets; sourceTree = "<group>"; };
		E41E7C311C600F2D00B2D7E6 /* Base */ = {isa = PBXFileReference; lastKnownFileType = file.storyboard; name = Base; path = Base.lproj/LaunchScreen.storyboard; sourceTree = "<group>"; };
		E41E7C331C600F2D00B2D7E6 /* Info.plist */ = {isa = PBXFileReference; lastKnownFileType = text.plist.xml; path = Info.plist; sourceTree = "<group>"; };
		E41E7C391C6012AF00B2D7E6 /* CoreLocation.framework */ = {isa = PBXFileReference; lastKnownFileType = wrapper.framework; name = CoreLocation.framework; path = System/Library/Frameworks/CoreLocation.framework; sourceTree = SDKROOT; };
		E41E7C3B1C60147800B2D7E6 /* TableViewController.swift */ = {isa = PBXFileReference; fileEncoding = 4; lastKnownFileType = sourcecode.swift; path = TableViewController.swift; sourceTree = "<group>"; };
/* End PBXFileReference section */

/* Begin PBXFrameworksBuildPhase section */
		E41E7C211C600F2D00B2D7E6 /* Frameworks */ = {
			isa = PBXFrameworksBuildPhase;
			buildActionMask = 2147483647;
			files = (
				E41E7C3A1C6012AF00B2D7E6 /* CoreLocation.framework in Frameworks */,
			);
			runOnlyForDeploymentPostprocessing = 0;
		};
/* End PBXFrameworksBuildPhase section */

/* Begin PBXGroup section */
		E41E7C1B1C600F2D00B2D7E6 = {
			isa = PBXGroup;
			children = (
				E41E7C391C6012AF00B2D7E6 /* CoreLocation.framework */,
				E41E7C261C600F2D00B2D7E6 /* Lugares Favoritos */,
				E41E7C251C600F2D00B2D7E6 /* Products */,
			);
			sourceTree = "<group>";
		};
		E41E7C251C600F2D00B2D7E6 /* Products */ = {
			isa = PBXGroup;
			children = (
				E41E7C241C600F2D00B2D7E6 /* Lugares Favoritos.app */,
			);
			name = Products;
			sourceTree = "<group>";
		};
		E41E7C261C600F2D00B2D7E6 /* Lugares Favoritos */ = {
			isa = PBXGroup;
			children = (
				E41E7C271C600F2D00B2D7E6 /* AppDelegate.swift */,
				E41E7C291C600F2D00B2D7E6 /* ViewController.swift */,
				E41E7C2B1C600F2D00B2D7E6 /* Main.storyboard */,
				E41E7C3B1C60147800B2D7E6 /* TableViewController.swift */,
				E41E7C2E1C600F2D00B2D7E6 /* Assets.xcassets */,
				E41E7C301C600F2D00B2D7E6 /* LaunchScreen.storyboard */,
				E41E7C331C600F2D00B2D7E6 /* Info.plist */,
			);
			path = "Lugares Favoritos";
			sourceTree = "<group>";
		};
/* End PBXGroup section */

/* Begin PBXNativeTarget section */
		E41E7C231C600F2D00B2D7E6 /* Lugares Favoritos */ = {
			isa = PBXNativeTarget;
			buildConfigurationList = E41E7C361C600F2D00B2D7E6 /* Build configuration list for PBXNativeTarget "Lugares Favoritos" */;
			buildPhases = (
				E41E7C201C600F2D00B2D7E6 /* Sources */,
				E41E7C211C600F2D00B2D7E6 /* Frameworks */,
				E41E7C221C600F2D00B2D7E6 /* Resources */,
			);
			buildRules = (
			);
			dependencies = (
			);
			name = "Lugares Favoritos";
			productName = "Lugares Favoritos";
			productReference = E41E7C241C600F2D00B2D7E6 /* Lugares Favoritos.app */;
			productType = "com.apple.product-type.application";
		};
/* End PBXNativeTarget section */

/* Begin PBXProject section */
		E41E7C1C1C600F2D00B2D7E6 /* Project object */ = {
			isa = PBXProject;
			attributes = {
				LastSwiftUpdateCheck = 0720;
				LastUpgradeCheck = 0720;
				ORGANIZATIONNAME = "Wladimir Teixeira Neto";
				TargetAttributes = {
					E41E7C231C600F2D00B2D7E6 = {
						CreatedOnToolsVersion = 7.2;
						DevelopmentTeam = HBHE4BM8B9;
					};
				};
			};
			buildConfigurationList = E41E7C1F1C600F2D00B2D7E6 /* Build configuration list for PBXProject "Lugares Favoritos" */;
			compatibilityVersion = "Xcode 3.2";
			developmentRegion = English;
			hasScannedForEncodings = 0;
			knownRegions = (
				en,
				Base,
			);
			mainGroup = E41E7C1B1C600F2D00B2D7E6;
			productRefGroup = E41E7C251C600F2D00B2D7E6 /* Products */;
			projectDirPath = "";
			projectRoot = "";
			targets = (
				E41E7C231C600F2D00B2D7E6 /* Lugares Favoritos */,
			);
		};
/* End PBXProject section */

/* Begin PBXResourcesBuildPhase section */
		E41E7C221C600F2D00B2D7E6 /* Resources */ = {
			isa = PBXResourcesBuildPhase;
			buildActionMask = 2147483647;
			files = (
				E41E7C321C600F2D00B2D7E6 /* LaunchScreen.storyboard in Resources */,
				E41E7C2F1C600F2D00B2D7E6 /* Assets.xcassets in Resources */,
				E41E7C2D1C600F2D00B2D7E6 /* Main.storyboard in Resources */,
			);
			runOnlyForDeploymentPostprocessing = 0;
		};
/* End PBXResourcesBuildPhase section */

/* Begin PBXSourcesBuildPhase section */
		E41E7C201C600F2D00B2D7E6 /* Sources */ = {
			isa = PBXSourcesBuildPhase;
			buildActionMask = 2147483647;
			files = (
				E41E7C2A1C600F2D00B2D7E6 /* ViewController.swift in Sources */,
				E41E7C3C1C60147800B2D7E6 /* TableViewController.swift in Sources */,
				E41E7C281C600F2D00B2D7E6 /* AppDelegate.swift in Sources */,
			);
			runOnlyForDeploymentPostprocessing = 0;
		};
/* End PBXSourcesBuildPhase section */

/* Begin PBXVariantGroup section */
		E41E7C2B1C600F2D00B2D7E6 /* Main.storyboard */ = {
			isa = PBXVariantGroup;
			children = (
				E41E7C2C1C600F2D00B2D7E6 /* Base */,
			);
			name = Main.storyboard;
			sourceTree = "<group>";
		};
		E41E7C301C600F2D00B2D7E6 /* LaunchScreen.storyboard */ = {
			isa = PBXVariantGroup;
			children = (
				E41E7C311C600F2D00B2D7E6 /* Base */,
			);
			name = LaunchScreen.storyboard;
			sourceTree = "<group>";
		};
/* End PBXVariantGroup section */

/* Begin XCBuildConfiguration section */
		E41E7C341C600F2D00B2D7E6 /* Debug */ = {
			isa = XCBuildConfiguration;
			buildSettings = {
				ALWAYS_SEARCH_USER_PATHS = NO;
				CLANG_CXX_LANGUAGE_STANDARD = "gnu++0x";
				CLANG_CXX_LIBRARY = "libc++";
				CLANG_ENABLE_MODULES = YES;
				CLANG_ENABLE_OBJC_ARC = YES;
				CLANG_WARN_BOOL_CONVERSION = YES;
				CLANG_WARN_CONSTANT_CONVERSION = YES;
				CLANG_WARN_DIRECT_OBJC_ISA_USAGE = YES_ERROR;
				CLANG_WARN_EMPTY_BODY = YES;
				CLANG_WARN_ENUM_CONVERSION = YES;
				CLANG_WARN_INT_CONVERSION = YES;
				CLANG_WARN_OBJC_ROOT_CLASS = YES_ERROR;
				CLANG_WARN_UNREACHABLE_CODE = YES;
				CLANG_WARN__DUPLICATE_METHOD_MATCH = YES;
				"CODE_SIGN_IDENTITY[sdk=iphoneos*]" = "iPhone Developer";
				COPY_PHASE_STRIP = NO;
				DEBUG_INFORMATION_FORMAT = dwarf;
				ENABLE_STRICT_OBJC_MSGSEND = YES;
				ENABLE_TESTABILITY = YES;
				GCC_C_LANGUAGE_STANDARD = gnu99;
				GCC_DYNAMIC_NO_PIC = NO;
				GCC_NO_COMMON_BLOCKS = YES;
				GCC_OPTIMIZATION_LEVEL = 0;
				GCC_PREPROCESSOR_DEFINITIONS = (
					"DEBUG=1",
					"$(inherited)",
				);
				GCC_WARN_64_TO_32_BIT_CONVERSION = YES;
				GCC_WARN_ABOUT_RETURN_TYPE = YES_ERROR;
				GCC_WARN_UNDECLARED_SELECTOR = YES;
				GCC_WARN_UNINITIALIZED_AUTOS = YES_AGGRESSIVE;
				GCC_WARN_UNUSED_FUNCTION = YES;
				GCC_WARN_UNUSED_VARIABLE = YES;
				IPHONEOS_DEPLOYMENT_TARGET = 9.2;
				MTL_ENABLE_DEBUG_INFO = YES;
				ONLY_ACTIVE_ARCH = YES;
				SDKROOT = iphoneos;
				SWIFT_OPTIMIZATION_LEVEL = "-Onone";
			};
			name = Debug;
		};
		E41E7C351C600F2D00B2D7E6 /* Release */ = {
			isa = XCBuildConfiguration;
			buildSettings = {
				ALWAYS_SEARCH_USER_PATHS = NO;
				CLANG_CXX_LANGUAGE_STANDARD = "gnu++0x";
				CLANG_CXX_LIBRARY = "libc++";
				CLANG_ENABLE_MODULES = YES;
				CLANG_ENABLE_OBJC_ARC = YES;
				CLANG_WARN_BOOL_CONVERSION = YES;
				CLANG_WARN_CONSTANT_CONVERSION = YES;
				CLANG_WARN_DIRECT_OBJC_ISA_USAGE = YES_ERROR;
				CLANG_WARN_EMPTY_BODY = YES;
				CLANG_WARN_ENUM_CONVERSION = YES;
				CLANG_WARN_INT_CONVERSION = YES;
				CLANG_WARN_OBJC_ROOT_CLASS = YES_ERROR;
				CLANG_WARN_UNREACHABLE_CODE = YES;
				CLANG_WARN__DUPLICATE_METHOD_MATCH = YES;
				"CODE_SIGN_IDENTITY[sdk=iphoneos*]" = "iPhone Developer";
				COPY_PHASE_STRIP = NO;
				DEBUG_INFORMATION_FORMAT = "dwarf-with-dsym";
				ENABLE_NS_ASSERTIONS = NO;
				ENABLE_STRICT_OBJC_MSGSEND = YES;
				GCC_C_LANGUAGE_STANDARD = gnu99;
				GCC_NO_COMMON_BLOCKS = YES;
				GCC_WARN_64_TO_32_BIT_CONVERSION = YES;
				GCC_WARN_ABOUT_RETURN_TYPE = YES_ERROR;
				GCC_WARN_UNDECLARED_SELECTOR = YES;
				GCC_WARN_UNINITIALIZED_AUTOS = YES_AGGRESSIVE;
				GCC_WARN_UNUSED_FUNCTION = YES;
				GCC_WARN_UNUSED_VARIABLE = YES;
				IPHONEOS_DEPLOYMENT_TARGET = 9.2;
				MTL_ENABLE_DEBUG_INFO = NO;
				SDKROOT = iphoneos;
				VALIDATE_PRODUCT = YES;
			};
			name = Release;
		};
		E41E7C371C600F2D00B2D7E6 /* Debug */ = {
			isa = XCBuildConfiguration;
			buildSettings = {
				ASSETCATALOG_COMPILER_APPICON_NAME = AppIcon;
				INFOPLIST_FILE = "Lugares Favoritos/Info.plist";
				LD_RUNPATH_SEARCH_PATHS = "$(inherited) @executable_path/Frameworks";
				PRODUCT_BUNDLE_IDENTIFIER = "wlad.Lugares-Favoritos";
				PRODUCT_NAME = "$(TARGET_NAME)";
			};
			name = Debug;
		};
		E41E7C381C600F2D00B2D7E6 /* Release */ = {
			isa = XCBuildConfiguration;
			buildSettings = {
				ASSETCATALOG_COMPILER_APPICON_NAME = AppIcon;
				INFOPLIST_FILE = "Lugares Favoritos/Info.plist";
				LD_RUNPATH_SEARCH_PATHS = "$(inherited) @executable_path/Frameworks";
				PRODUCT_BUNDLE_IDENTIFIER = "wlad.Lugares-Favoritos";
				PRODUCT_NAME = "$(TARGET_NAME)";
			};
			name = Release;
		};
/* End XCBuildConfiguration section */

/* Begin XCConfigurationList section */
		E41E7C1F1C600F2D00B2D7E6 /* Build configuration list for PBXProject "Lugares Favoritos" */ = {
			isa = XCConfigurationList;
			buildConfigurations = (
				E41E7C341C600F2D00B2D7E6 /* Debug */,
				E41E7C351C600F2D00B2D7E6 /* Release */,
			);
			defaultConfigurationIsVisible = 0;
			defaultConfigurationName = Release;
		};
		E41E7C361C600F2D00B2D7E6 /* Build configuration list for PBXNativeTarget "Lugares Favoritos" */ = {
			isa = XCConfigurationList;
			buildConfigurations = (
				E41E7C371C600F2D00B2D7E6 /* Debug */,
				E41E7C381C600F2D00B2D7E6 /* Release */,
			);
			defaultConfigurationIsVisible = 0;
		};
/* End XCConfigurationList section */
	};
	rootObject = E41E7C1C1C600F2D00B2D7E6 /* Project object */;
}
